
Microsoft Visual Studio Solution File, Format Version 12.00
# Visual Studio 15
VisualStudioVersion = 15.0.26403.3
MinimumVisualStudioVersion = 10.0.40219.1
Project("{FAE04EC0-301F-11D3-BF4B-00C04F79EFBC}") = "HelloWorldApp", "HelloWorldApp\HelloWorldApp.csproj", "{26315707-3F22-4B33-AE02-D901D6696D3E}"
EndProject
Project("{FAE04EC0-301F-11D3-BF4B-00C04F79EFBC}") = "VariablesSample", "VariablesSample\VariablesSample.csproj", "{A107A430-7116-4276-85B6-4DF8769F3456}"
EndProject
Project("{FAE04EC0-301F-11D3-BF4B-00C04F79EFBC}") = "VariableScopeSample", "VariableScopeSample\VariableScopeSample.csproj", "{F102BB36-9EFC-4AF1-9AAD-A5130896ACBE}"
EndProject
Project("{FAE04EC0-301F-11D3-BF4B-00C04F79EFBC}") = "VariableScopeSample2", "VariableScopeSample2\VariableScopeSample2.csproj", "{8D1FD054-CA1A-4EE9-A748-AD61C5ACC0EF}"
EndProject
Project("{FAE04EC0-301F-11D3-BF4B-00C04F79EFBC}") = "VariableScopeSample3", "VariableScopeSample3\VariableScopeSample3.csproj", "{CB00D159-C797-4CF6-8188-2C243DAC3821}"
EndProject
Project("{FAE04EC0-301F-11D3-BF4B-00C04F79EFBC}") = "StringSample", "StringSample\StringSample.csproj", "{688A9B25-872B-40AC-BCBD-60BF33137878}"
EndProject
Project("{FAE04EC0-301F-11D3-BF4B-00C04F79EFBC}") = "IfStatement", "IfStatement\IfStatement.csproj", "{EBE73DE2-66E9-4E16-BFBA-127E3DC0E6A1}"
EndProject
Project("{FAE04EC0-301F-11D3-BF4B-00C04F79EFBC}") = "ForLoop", "ForLoop\ForLoop.csproj", "{31B4C276-B2CC-4E08-8D4E-243E4589D894}"
EndProject
Project("{FAE04EC0-301F-11D3-BF4B-00C04F79EFBC}") = "EnumerationSample", "EnumerationSample\EnumerationSample.csproj", "{20D16168-6C9D-4C6D-AF61-85C583DB6E81}"
EndProject
Project("{FAE04EC0-301F-11D3-BF4B-00C04F79EFBC}") = "NamespaceSample", "NamespaceSample\NamespaceSample.csproj", "{A775E498-B0E1-4B15-B435-23D5F788E241}"
EndProject
Project("{FAE04EC0-301F-11D3-BF4B-00C04F79EFBC}") = "ArgumentsSample", "ArgumentsSample\ArgumentsSample.csproj", "{041618C2-0C2C-4919-A521-507926183B7E}"
EndProject
Project("{FAE04EC0-301F-11D3-BF4B-00C04F79EFBC}") = "MathClient", "MathClient\MathClient.csproj", "{AF37769F-0BBF-4EE6-8C4F-10F1494D2AA9}"
EndProject
Global
	GlobalSection(SolutionConfigurationPlatforms) = preSolution
		Debug|Any CPU = Debug|Any CPU
		Release|Any CPU = Release|Any CPU
	EndGlobalSection
	GlobalSection(ProjectConfigurationPlatforms) = postSolution
		{26315707-3F22-4B33-AE02-D901D6696D3E}.Debug|Any CPU.ActiveCfg = Debug|Any CPU
		{26315707-3F22-4B33-AE02-D901D6696D3E}.Debug|Any CPU.Build.0 = Debug|Any CPU
		{26315707-3F22-4B33-AE02-D901D6696D3E}.Release|Any CPU.ActiveCfg = Release|Any CPU
		{26315707-3F22-4B33-AE02-D901D6696D3E}.Release|Any CPU.Build.0 = Release|Any CPU
		{A107A430-7116-4276-85B6-4DF8769F3456}.Debug|Any CPU.ActiveCfg = Debug|Any CPU
		{A107A430-7116-4276-85B6-4DF8769F3456}.Debug|Any CPU.Build.0 = Debug|Any CPU
		{A107A430-7116-4276-85B6-4DF8769F3456}.Release|Any CPU.ActiveCfg = Release|Any CPU
		{A107A430-7116-4276-85B6-4DF8769F3456}.Release|Any CPU.Build.0 = Release|Any CPU
		{F102BB36-9EFC-4AF1-9AAD-A5130896ACBE}.Debug|Any CPU.ActiveCfg = Debug|Any CPU
		{F102BB36-9EFC-4AF1-9AAD-A5130896ACBE}.Debug|Any CPU.Build.0 = Debug|Any CPU
		{F102BB36-9EFC-4AF1-9AAD-A5130896ACBE}.Release|Any CPU.ActiveCfg = Release|Any CPU
		{F102BB36-9EFC-4AF1-9AAD-A5130896ACBE}.Release|Any CPU.Build.0 = Release|Any CPU
		{8D1FD054-CA1A-4EE9-A748-AD61C5ACC0EF}.Debug|Any CPU.ActiveCfg = Debug|Any CPU
		{8D1FD054-CA1A-4EE9-A748-AD61C5ACC0EF}.Debug|Any CPU.Build.0 = Debug|Any CPU
		{8D1FD054-CA1A-4EE9-A748-AD61C5ACC0EF}.Release|Any CPU.ActiveCfg = Release|Any CPU
		{8D1FD054-CA1A-4EE9-A748-AD61C5ACC0EF}.Release|Any CPU.Build.0 = Release|Any CPU
		{CB00D159-C797-4CF6-8188-2C243DAC3821}.Debug|Any CPU.ActiveCfg = Debug|Any CPU
		{CB00D159-C797-4CF6-8188-2C243DAC3821}.Debug|Any CPU.Build.0 = Debug|Any CPU
		{CB00D159-C797-4CF6-8188-2C243DAC3821}.Release|Any CPU.ActiveCfg = Release|Any CPU
		{CB00D159-C797-4CF6-8188-2C243DAC3821}.Release|Any CPU.Build.0 = Release|Any CPU
		{688A9B25-872B-40AC-BCBD-60BF33137878}.Debug|Any CPU.ActiveCfg = Debug|Any CPU
		{688A9B25-872B-40AC-BCBD-60BF33137878}.Debug|Any CPU.Build.0 = Debug|Any CPU
		{688A9B25-872B-40AC-BCBD-60BF33137878}.Release|Any CPU.ActiveCfg = Release|Any CPU
		{688A9B25-872B-40AC-BCBD-60BF33137878}.Release|Any CPU.Build.0 = Release|Any CPU
		{EBE73DE2-66E9-4E16-BFBA-127E3DC0E6A1}.Debug|Any CPU.ActiveCfg = Debug|Any CPU
		{EBE73DE2-66E9-4E16-BFBA-127E3DC0E6A1}.Debug|Any CPU.Build.0 = Debug|Any CPU
		{EBE73DE2-66E9-4E16-BFBA-127E3DC0E6A1}.Release|Any CPU.ActiveCfg = Release|Any CPU
		{EBE73DE2-66E9-4E16-BFBA-127E3DC0E6A1}.Release|Any CPU.Build.0 = Release|Any CPU
		{31B4C276-B2CC-4E08-8D4E-243E4589D894}.Debug|Any CPU.ActiveCfg = Debug|Any CPU
		{31B4C276-B2CC-4E08-8D4E-243E4589D894}.Debug|Any CPU.Build.0 = Debug|Any CPU
		{31B4C276-B2CC-4E08-8D4E-243E4589D894}.Release|Any CPU.ActiveCfg = Release|Any CPU
		{31B4C276-B2CC-4E08-8D4E-243E4589D894}.Release|Any CPU.Build.0 = Release|Any CPU
		{20D16168-6C9D-4C6D-AF61-85C583DB6E81}.Debug|Any CPU.ActiveCfg = Debug|Any CPU
		{20D16168-6C9D-4C6D-AF61-85C583DB6E81}.Debug|Any CPU.Build.0 = Debug|Any CPU
		{20D16168-6C9D-4C6D-AF61-85C583DB6E81}.Release|Any CPU.ActiveCfg = Release|Any CPU
		{20D16168-6C9D-4C6D-AF61-85C583DB6E81}.Release|Any CPU.Build.0 = Release|Any CPU
		{A775E498-B0E1-4B15-B435-23D5F788E241}.Debug|Any CPU.ActiveCfg = Debug|Any CPU
		{A775E498-B0E1-4B15-B435-23D5F788E241}.Debug|Any CPU.Build.0 = Debug|Any CPU
		{A775E498-B0E1-4B15-B435-23D5F788E241}.Release|Any CPU.ActiveCfg = Release|Any CPU
		{A775E498-B0E1-4B15-B435-23D5F788E241}.Release|Any CPU.Build.0 = Release|Any CPU
		{041618C2-0C2C-4919-A521-507926183B7E}.Debug|Any CPU.ActiveCfg = Debug|Any CPU
		{041618C2-0C2C-4919-A521-507926183B7E}.Debug|Any CPU.Build.0 = Debug|Any CPU
		{041618C2-0C2C-4919-A521-507926183B7E}.Release|Any CPU.ActiveCfg = Release|Any CPU
		{041618C2-0C2C-4919-A521-507926183B7E}.Release|Any CPU.Build.0 = Release|Any CPU
		{AF37769F-0BBF-4EE6-8C4F-10F1494D2AA9}.Debug|Any CPU.ActiveCfg = Debug|Any CPU
		{AF37769F-0BBF-4EE6-8C4F-10F1494D2AA9}.Debug|Any CPU.Build.0 = Debug|Any CPU
		{AF37769F-0BBF-4EE6-8C4F-10F1494D2AA9}.Release|Any CPU.ActiveCfg = Release|Any CPU
		{AF37769F-0BBF-4EE6-8C4F-10F1494D2AA9}.Release|Any CPU.Build.0 = Release|Any CPU
	EndGlobalSection
	GlobalSection(SolutionProperties) = preSolution
		HideSolutionNode = FALSE
	EndGlobalSection
EndGlobal
